
Microsoft Visual Studio Solution File, Format Version 12.00
# Visual Studio Version 17
VisualStudioVersion = 17.11.35312.102
MinimumVisualStudioVersion = 10.0.40219.1
Project("{FAE04EC0-301F-11D3-BF4B-00C04F79EFBC}") = "haliYikama", "haliYikama\haliYikama.csproj", "{4BF08566-D416-44BA-847D-4E2BDEF0A440}"
EndProject
Global
	GlobalSection(SolutionConfigurationPlatforms) = preSolution
		Debug|Any CPU = Debug|Any CPU
		Release|Any CPU = Release|Any CPU
	EndGlobalSection
	GlobalSection(ProjectConfigurationPlatforms) = postSolution
		{4BF08566-D416-44BA-847D-4E2BDEF0A440}.Debug|Any CPU.ActiveCfg = Debug|Any CPU
		{4BF08566-D416-44BA-847D-4E2BDEF0A440}.Debug|Any CPU.Build.0 = Debug|Any CPU
		{4BF08566-D416-44BA-847D-4E2BDEF0A440}.Release|Any CPU.ActiveCfg = Release|Any CPU
		{4BF08566-D416-44BA-847D-4E2BDEF0A440}.Release|Any CPU.Build.0 = Release|Any CPU
	EndGlobalSection
	GlobalSection(SolutionProperties) = preSolution
		HideSolutionNode = FALSE
	EndGlobalSection
	GlobalSection(ExtensibilityGlobals) = postSolution
		SolutionGuid = {AADD41D7-7CF5-4ACC-8F91-2190A0ECEBA7}
	EndGlobalSection
EndGlobal
